{
  "name": "tree-sitter-liquid",
  "version": "0.0.8",
  "lockfileVersion": 2,
  "requires": true,
  "packages": {
    "": {
      "name": "tree-sitter-liquid",
      "version": "0.0.8",
      "license": "MIT",
      "dependencies": {
        "nan": "^2.18.0"
      },
      "devDependencies": {
        "tree-sitter-cli": "^0.25.6"
      }
    },
    "node_modules/nan": {
      "version": "2.18.0",
      "resolved": "https://registry.npmjs.org/nan/-/nan-2.18.0.tgz",
      "integrity": "sha512-W7tfG7vMOGtD30sHoZSSc/JVYiyDPEyQVso/Zz+/uQd0B0L46gtC+pHha5FFMRpil6fm/AoEcRWyOVi4+E/f8w=="
    },
    "node_modules/tree-sitter-cli": {
      "version": "0.25.6",
      "resolved": "https://registry.npmjs.org/tree-sitter-cli/-/tree-sitter-cli-0.25.6.tgz",
      "integrity": "sha512-UhkXRkMPtBgE4OatZtYVtDsT3HFUliqAJcs49XQaZv8d2sbeTzEhpJVpMaCqBR3HGhb1WpyoodaFXQaMuOLPEg==",
      "dev": true,
      "hasInstallScript": true,
      "license": "MIT",
      "bin": {
        "tree-sitter": "cli.js"
      },
      "engines": {
        "node": ">=12.0.0"
      }
    }
  },
  "dependencies": {
    "nan": {
      "version": "2.18.0",
      "resolved": "https://registry.npmjs.org/nan/-/nan-2.18.0.tgz",
      "integrity": "sha512-W7tfG7vMOGtD30sHoZSSc/JVYiyDPEyQVso/Zz+/uQd0B0L46gtC+pHha5FFMRpil6fm/AoEcRWyOVi4+E/f8w=="
    },
    "tree-sitter-cli": {
      "version": "0.25.6",
      "resolved": "https://registry.npmjs.org/tree-sitter-cli/-/tree-sitter-cli-0.25.6.tgz",
      "integrity": "sha512-UhkXRkMPtBgE4OatZtYVtDsT3HFUliqAJcs49XQaZv8d2sbeTzEhpJVpMaCqBR3HGhb1WpyoodaFXQaMuOLPEg==",
      "dev": true
    }
  }
}
